
Microsoft Visual Studio Solution File, Format Version 12.00
# Visual Studio Version 17
VisualStudioVersion = 17.9.34728.123
MinimumVisualStudioVersion = 10.0.40219.1
Project("{FAE04EC0-301F-11D3-BF4B-00C04F79EFBC}") = "Tettris", "Tettris\Tettris.csproj", "{05961ECC-E0E1-4F7F-83C6-0B7458B9E7D0}"
EndProject
Global
	GlobalSection(SolutionConfigurationPlatforms) = preSolution
		Debug|Any CPU = Debug|Any CPU
		Release|Any CPU = Release|Any CPU
	EndGlobalSection
	GlobalSection(ProjectConfigurationPlatforms) = postSolution
		{05961ECC-E0E1-4F7F-83C6-0B7458B9E7D0}.Debug|Any CPU.ActiveCfg = Debug|Any CPU
		{05961ECC-E0E1-4F7F-83C6-0B7458B9E7D0}.Debug|Any CPU.Build.0 = Debug|Any CPU
		{05961ECC-E0E1-4F7F-83C6-0B7458B9E7D0}.Release|Any CPU.ActiveCfg = Release|Any CPU
		{05961ECC-E0E1-4F7F-83C6-0B7458B9E7D0}.Release|Any CPU.Build.0 = Release|Any CPU
	EndGlobalSection
	GlobalSection(SolutionProperties) = preSolution
		HideSolutionNode = FALSE
	EndGlobalSection
	GlobalSection(ExtensibilityGlobals) = postSolution
		SolutionGuid = {D7BCB4B0-F35B-4E48-B10E-6711B555D643}
	EndGlobalSection
EndGlobal
